// !$*UTF8*$!
{
	archiveVersion = 1;
	classes = {
	};
	objectVersion = 54;
	objects = {

/* Begin PBXBuildFile section */
		00E356F31AD99517003FC87E /* my_coffe_shopTests.m in Sources */ = {isa = PBXBuildFile; fileRef = 00E356F21AD99517003FC87E /* my_coffe_shopTests.m */; };
		0C80B921A6F3F58F76C31292 /* libPods-my_coffe_shop.a in Frameworks */ = {isa = PBXBuildFile; fileRef = 5DCACB8F33CDC322A6C60F78 /* libPods-my_coffe_shop.a */; };
		13B07FBC1A68108700A75B9A /* AppDelegate.mm in Sources */ = {isa = PBXBuildFile; fileRef = 13B07FB01A68108700A75B9A /* AppDelegate.mm */; };
		13B07FBF1A68108700A75B9A /* Images.xcassets in Resources */ = {isa = PBXBuildFile; fileRef = 13B07FB51A68108700A75B9A /* Images.xcassets */; };
		13B07FC11A68108700A75B9A /* main.m in Sources */ = {isa = PBXBuildFile; fileRef = 13B07FB71A68108700A75B9A /* main.m */; };
		7699B88040F8A987B510C191 /* libPods-my_coffe_shop-my_coffe_shopTests.a in Frameworks */ = {isa = PBXBuildFile; fileRef = 19F6CBCC0A4E27FBF8BF4A61 /* libPods-my_coffe_shop-my_coffe_shopTests.a */; };
		81AB9BB82411601600AC10FF /* LaunchScreen.storyboard in Resources */ = {isa = PBXBuildFile; fileRef = 81AB9BB72411601600AC10FF /* LaunchScreen.storyboard */; };
		3A65C2C35B01432A98602AA7 /* app_icons.ttf in Resources */ = {isa = PBXBuildFile; fileRef = 0961D23C3CFA4712A666120B /* app_icons.ttf */; };
		1F049B9ADEDF4EABBD7A34F0 /* Poppins-Black.ttf in Resources */ = {isa = PBXBuildFile; fileRef = 90E2AFAC65AF4DAA81EC38C4 /* Poppins-Black.ttf */; };
		F60FD5FA225E42B5B7A80541 /* Poppins-Bold.ttf in Resources */ = {isa = PBXBuildFile; fileRef = 8DA79C9C81A74DD791DFC6B8 /* Poppins-Bold.ttf */; };
		C09164444D1949089349E083 /* Poppins-ExtraBold.ttf in Resources */ = {isa = PBXBuildFile; fileRef = 3DF993EDCA1849D1B8341A0F /* Poppins-ExtraBold.ttf */; };
		CFC68661B0CF4C708C800249 /* Poppins-ExtraLight.ttf in Resources */ = {isa = PBXBuildFile; fileRef = 58CC453C4D8F4D0AAC2C90FE /* Poppins-ExtraLight.ttf */; };
		94AAF24DA72543FD867A4215 /* Poppins-Light.ttf in Resources */ = {isa = PBXBuildFile; fileRef = EDA35C75056E4206A5357B40 /* Poppins-Light.ttf */; };
		7F2C47FDB45F4B8F80D51D61 /* Poppins-Medium.ttf in Resources */ = {isa = PBXBuildFile; fileRef = 3B07B77883D0493DA708BCCE /* Poppins-Medium.ttf */; };
		70DF012FE6B943F89A330BF1 /* Poppins-Regular.ttf in Resources */ = {isa = PBXBuildFile; fileRef = E1FAF48E5634451EADFBF2CD /* Poppins-Regular.ttf */; };
		4109D21CC31B4371920077C4 /* Poppins-SemiBold.ttf in Resources */ = {isa = PBXBuildFile; fileRef = 8275764C45EA4CEA9F41D86B /* Poppins-SemiBold.ttf */; };
		0D2DE85877C344678521838F /* Poppins-Thin.ttf in Resources */ = {isa = PBXBuildFile; fileRef = 26D3E1486310487BA68D7389 /* Poppins-Thin.ttf */; };
		B1DD891DEFBE4D178BC2D0BD /* amazonpay.png in Resources */ = {isa = PBXBuildFile; fileRef = 7B4C7D0D61C74518AE591118 /* amazonpay.png */; };
		EFEC33151C434167BAC0B5A8 /* applepay.png in Resources */ = {isa = PBXBuildFile; fileRef = 4532E337C0134DBA9FB1F8EC /* applepay.png */; };
		79E2A23C7668433C9D9EAADD /* avatar.png in Resources */ = {isa = PBXBuildFile; fileRef = 9B5F56BFAD2C45A5B93450C9 /* avatar.png */; };
		0E2C8A77AC4443B7AC2EB8A2 /* gpay.png in Resources */ = {isa = PBXBuildFile; fileRef = 8B616C8728174520BB516FF8 /* gpay.png */; };
		1F4A2B7C5A6B419F8252115D /* americano_pic_1_portrait.png in Resources */ = {isa = PBXBuildFile; fileRef = 3B3207FD6460470188408F02 /* americano_pic_1_portrait.png */; };
		94A8E9F9C3784DAB91CE1F29 /* americano_pic_2_portrait.png in Resources */ = {isa = PBXBuildFile; fileRef = C58A52AB1A42490B906677B1 /* americano_pic_2_portrait.png */; };
		C350D1C2BC9D41EC818AB1C0 /* americano_pic_3_portrait.png in Resources */ = {isa = PBXBuildFile; fileRef = 2AC9326952AA49C7BF7DD896 /* americano_pic_3_portrait.png */; };
		BC6869730B2C4AA0AF042BA6 /* americano_pic_1_square.png in Resources */ = {isa = PBXBuildFile; fileRef = 2F58690634B248B3A61960AE /* americano_pic_1_square.png */; };
		402CCF9DEA994CB0A693DF69 /* americano_pic_2_square.png in Resources */ = {isa = PBXBuildFile; fileRef = 811C82EAF2A64A5DAACB8B51 /* americano_pic_2_square.png */; };
		4C1243FFC9544655B90B776B /* americano_pic_3_square.png in Resources */ = {isa = PBXBuildFile; fileRef = C2147DE34FAC4F5FAE5C9960 /* americano_pic_3_square.png */; };
		534B393C001D4EFE82173778 /* arabica_coffee_beans_portrait.png in Resources */ = {isa = PBXBuildFile; fileRef = 9E166581FB53428C9CA857CE /* arabica_coffee_beans_portrait.png */; };
		24D84E4609CD4D4498911311 /* arabica_coffee_beans_square.png in Resources */ = {isa = PBXBuildFile; fileRef = 3B8DC1C6704F4643ADFCFCC6 /* arabica_coffee_beans_square.png */; };
		07A3C8FB02314FB49CA7A56C /* black_coffee_pic_1_portrait.png in Resources */ = {isa = PBXBuildFile; fileRef = DC669A74F51542B19C1D37F6 /* black_coffee_pic_1_portrait.png */; };
		9F905FB06E87432983159265 /* black_coffee_pic_2_portrait.png in Resources */ = {isa = PBXBuildFile; fileRef = 2483EFCA7035421E912EB783 /* black_coffee_pic_2_portrait.png */; };
		E3D2759ECE314465BC607C56 /* black_coffee_pic_3_portrait.png in Resources */ = {isa = PBXBuildFile; fileRef = 607E74A12E9F4BCBB295BAB0 /* black_coffee_pic_3_portrait.png */; };
		BE96C0DA83414924B3620E1E /* black_coffee_pic_1_square.png in Resources */ = {isa = PBXBuildFile; fileRef = 8A0F16FD3F394971BC4DA235 /* black_coffee_pic_1_square.png */; };
		CBF8CEF7841A4F63ABA13981 /* black_coffee_pic_2_square.png in Resources */ = {isa = PBXBuildFile; fileRef = 6B8F9E6D901F4A84A5E64495 /* black_coffee_pic_2_square.png */; };
		9A79B42FE36E4B10AEAC39C1 /* black_coffee_pic_3_square.png in Resources */ = {isa = PBXBuildFile; fileRef = FF94E63FDAED434A8B39A773 /* black_coffee_pic_3_square.png */; };
		80A154103EF74CEAB6979D2E /* cappuccino_pic_1_portrait.png in Resources */ = {isa = PBXBuildFile; fileRef = 955A1042C6B945C5A610290A /* cappuccino_pic_1_portrait.png */; };
		2F0AA973F3294362954384F8 /* cappuccino_pic_2_portrait.png in Resources */ = {isa = PBXBuildFile; fileRef = 69A33F729C8F43E383717A79 /* cappuccino_pic_2_portrait.png */; };
		40E60815F7C24A56809822AA /* cappuccino_pic_3_portrait.png in Resources */ = {isa = PBXBuildFile; fileRef = B9CFBFE253204763BF40D63E /* cappuccino_pic_3_portrait.png */; };
		8D312BC205984D0395689763 /* cappuccino_pic_1_square.png in Resources */ = {isa = PBXBuildFile; fileRef = 492C921597E84647B0EE21B9 /* cappuccino_pic_1_square.png */; };
		643B465191B445E0BEEC0A4A /* cappuccino_pic_2_square.png in Resources */ = {isa = PBXBuildFile; fileRef = D7C356C322C34678B29D305A /* cappuccino_pic_2_square.png */; };
		2769FD1CC5074FA6ADDDBB5E /* cappuccino_pic_3_square.png in Resources */ = {isa = PBXBuildFile; fileRef = 24DDBAB54A044AABA29BB0EB /* cappuccino_pic_3_square.png */; };
		15217134103149D4ACB35661 /* espresso_pic_1_portrait.png in Resources */ = {isa = PBXBuildFile; fileRef = 0AB9B33E3E8C4C90A1DC06DD /* espresso_pic_1_portrait.png */; };
		A9C587D5A313463EA989773B /* espresso_pic_2_portrait.png in Resources */ = {isa = PBXBuildFile; fileRef = E74394C239194704AD7F65AA /* espresso_pic_2_portrait.png */; };
		17B58BC6DE6147B4AC5F4375 /* espresso_pic_3_portrait.png in Resources */ = {isa = PBXBuildFile; fileRef = 18AABCA766024C20A122D7E9 /* espresso_pic_3_portrait.png */; };
		767C11F488D5435B8F979AD2 /* espresso_pic_1_square.png in Resources */ = {isa = PBXBuildFile; fileRef = C6E894B93ABB47F6A1B30B37 /* espresso_pic_1_square.png */; };
		B4A7E578BD9A422EA815B6C4 /* espresso_pic_2_square.png in Resources */ = {isa = PBXBuildFile; fileRef = D363260A18DA416AAECD0D31 /* espresso_pic_2_square.png */; };
		11F0963EA4F24012A13BACC2 /* espresso_pic_3_square.png in Resources */ = {isa = PBXBuildFile; fileRef = 2F97196FDC4E433AB8516523 /* espresso_pic_3_square.png */; };
		8A368C63713B4B6E84924304 /* excelsa_coffee_beans_portrait.png in Resources */ = {isa = PBXBuildFile; fileRef = B99FE1F787F44259A2C6C87D /* excelsa_coffee_beans_portrait.png */; };
		8F10929F1A9B4903824B94FE /* excelsa_coffee_beans_square.png in Resources */ = {isa = PBXBuildFile; fileRef = BCDB4F83AAB248A99CFBBAC3 /* excelsa_coffee_beans_square.png */; };
		070392EE89B549D295E592DF /* latte_pic_1_portrait.png in Resources */ = {isa = PBXBuildFile; fileRef = 7BFAA4205A31432DA999BEC8 /* latte_pic_1_portrait.png */; };
		F675F556E7444583B825562B /* latte_pic_2_portrait.png in Resources */ = {isa = PBXBuildFile; fileRef = 3D7D0492FB9549EEB3B810D8 /* latte_pic_2_portrait.png */; };
		955D847C6DEA4D598030E9A2 /* latte_pic_3_portrait.png in Resources */ = {isa = PBXBuildFile; fileRef = 3AEEF07E757843B0A060AAB3 /* latte_pic_3_portrait.png */; };
		C1EA20118CF2468B8264B12E /* latte_pic_1_square.png in Resources */ = {isa = PBXBuildFile; fileRef = 17F3099178B34D4097636878 /* latte_pic_1_square.png */; };
		0843C28FE06441578AF13EBD /* latte_pic_2_square.png in Resources */ = {isa = PBXBuildFile; fileRef = EE914E003ED647CC88FBD2AC /* latte_pic_2_square.png */; };
		CF61CDC8D9444822AD7CC6C3 /* latte_pic_3_square.png in Resources */ = {isa = PBXBuildFile; fileRef = 510E2D7F27BC4633A3DAEB08 /* latte_pic_3_square.png */; };
		D36F53943C0148D1B73B211F /* liberica_coffee_beans_portrait.png in Resources */ = {isa = PBXBuildFile; fileRef = F380FC4D152D46FF95BBB168 /* liberica_coffee_beans_portrait.png */; };
		0FDB583040F34F43A94A62BA /* liberica_coffee_beans_square.png in Resources */ = {isa = PBXBuildFile; fileRef = 47DC291BB8EA4802883A552E /* liberica_coffee_beans_square.png */; };
		916524A7DB1447B287C1966F /* macchiato_pic_1_portrait.png in Resources */ = {isa = PBXBuildFile; fileRef = B3B779A60F6B4563AF4C4BB0 /* macchiato_pic_1_portrait.png */; };
		AD33B12B96E64541BF16A461 /* macchiato_pic_2_portrait.png in Resources */ = {isa = PBXBuildFile; fileRef = CF3F612B7D794C8BBB1757A9 /* macchiato_pic_2_portrait.png */; };
		7812AF2B17144504AF7EAD8F /* macchiato_pic_3_portrait.png in Resources */ = {isa = PBXBuildFile; fileRef = F298F112E7EF41C6AFD5E56B /* macchiato_pic_3_portrait.png */; };
		2CB766C85AE24CFE92FBB143 /* macchiato_pic_1_square.png in Resources */ = {isa = PBXBuildFile; fileRef = 4657167CA3924D3E9971BDA4 /* macchiato_pic_1_square.png */; };
		5BC63B049C804EF1B92B2F1C /* macchiato_pic_2_square.png in Resources */ = {isa = PBXBuildFile; fileRef = 20B8382EAEE745EAA666AFFB /* macchiato_pic_2_square.png */; };
		4609400869E44ACFA0CBCE95 /* macchiato_pic_3_square.png in Resources */ = {isa = PBXBuildFile; fileRef = E61410CC99B84E8BBEC22DB0 /* macchiato_pic_3_square.png */; };
		048604A5F4754E66ABFBAC0C /* robusta_coffee_beans_portrait.png in Resources */ = {isa = PBXBuildFile; fileRef = 828A42FB798847DA8703C226 /* robusta_coffee_beans_portrait.png */; };
		D0D9C6F583894209B69941D6 /* robusta_coffee_beans_square.png in Resources */ = {isa = PBXBuildFile; fileRef = 5B9C9F513F214002BA8A2053 /* robusta_coffee_beans_square.png */; };
/* End PBXBuildFile section */

/* Begin PBXContainerItemProxy section */
		00E356F41AD99517003FC87E /* PBXContainerItemProxy */ = {
			isa = PBXContainerItemProxy;
			containerPortal = 83CBB9F71A601CBA00E9B192 /* Project object */;
			proxyType = 1;
			remoteGlobalIDString = 13B07F861A680F5B00A75B9A;
			remoteInfo = my_coffe_shop;
		};
/* End PBXContainerItemProxy section */

/* Begin PBXFileReference section */
		00E356EE1AD99517003FC87E /* my_coffe_shopTests.xctest */ = {isa = PBXFileReference; explicitFileType = wrapper.cfbundle; includeInIndex = 0; path = my_coffe_shopTests.xctest; sourceTree = BUILT_PRODUCTS_DIR; };
		00E356F11AD99517003FC87E /* Info.plist */ = {isa = PBXFileReference; lastKnownFileType = text.plist.xml; path = Info.plist; sourceTree = "<group>"; };
		00E356F21AD99517003FC87E /* my_coffe_shopTests.m */ = {isa = PBXFileReference; lastKnownFileType = sourcecode.c.objc; path = my_coffe_shopTests.m; sourceTree = "<group>"; };
		13B07F961A680F5B00A75B9A /* my_coffe_shop.app */ = {isa = PBXFileReference; explicitFileType = wrapper.application; includeInIndex = 0; path = my_coffe_shop.app; sourceTree = BUILT_PRODUCTS_DIR; };
		13B07FAF1A68108700A75B9A /* AppDelegate.h */ = {isa = PBXFileReference; fileEncoding = 4; lastKnownFileType = sourcecode.c.h; name = AppDelegate.h; path = my_coffe_shop/AppDelegate.h; sourceTree = "<group>"; };
		13B07FB01A68108700A75B9A /* AppDelegate.mm */ = {isa = PBXFileReference; fileEncoding = 4; lastKnownFileType = sourcecode.cpp.objcpp; name = AppDelegate.mm; path = my_coffe_shop/AppDelegate.mm; sourceTree = "<group>"; };
		13B07FB51A68108700A75B9A /* Images.xcassets */ = {isa = PBXFileReference; lastKnownFileType = folder.assetcatalog; name = Images.xcassets; path = my_coffe_shop/Images.xcassets; sourceTree = "<group>"; };
		13B07FB61A68108700A75B9A /* Info.plist */ = {isa = PBXFileReference; fileEncoding = 4; lastKnownFileType = text.plist.xml; name = Info.plist; path = my_coffe_shop/Info.plist; sourceTree = "<group>"; };
		13B07FB71A68108700A75B9A /* main.m */ = {isa = PBXFileReference; fileEncoding = 4; lastKnownFileType = sourcecode.c.objc; name = main.m; path = my_coffe_shop/main.m; sourceTree = "<group>"; };
		19F6CBCC0A4E27FBF8BF4A61 /* libPods-my_coffe_shop-my_coffe_shopTests.a */ = {isa = PBXFileReference; explicitFileType = archive.ar; includeInIndex = 0; path = "libPods-my_coffe_shop-my_coffe_shopTests.a"; sourceTree = BUILT_PRODUCTS_DIR; };
		3B4392A12AC88292D35C810B /* Pods-my_coffe_shop.debug.xcconfig */ = {isa = PBXFileReference; includeInIndex = 1; lastKnownFileType = text.xcconfig; name = "Pods-my_coffe_shop.debug.xcconfig"; path = "Target Support Files/Pods-my_coffe_shop/Pods-my_coffe_shop.debug.xcconfig"; sourceTree = "<group>"; };
		5709B34CF0A7D63546082F79 /* Pods-my_coffe_shop.release.xcconfig */ = {isa = PBXFileReference; includeInIndex = 1; lastKnownFileType = text.xcconfig; name = "Pods-my_coffe_shop.release.xcconfig"; path = "Target Support Files/Pods-my_coffe_shop/Pods-my_coffe_shop.release.xcconfig"; sourceTree = "<group>"; };
		5B7EB9410499542E8C5724F5 /* Pods-my_coffe_shop-my_coffe_shopTests.debug.xcconfig */ = {isa = PBXFileReference; includeInIndex = 1; lastKnownFileType = text.xcconfig; name = "Pods-my_coffe_shop-my_coffe_shopTests.debug.xcconfig"; path = "Target Support Files/Pods-my_coffe_shop-my_coffe_shopTests/Pods-my_coffe_shop-my_coffe_shopTests.debug.xcconfig"; sourceTree = "<group>"; };
		5DCACB8F33CDC322A6C60F78 /* libPods-my_coffe_shop.a */ = {isa = PBXFileReference; explicitFileType = archive.ar; includeInIndex = 0; path = "libPods-my_coffe_shop.a"; sourceTree = BUILT_PRODUCTS_DIR; };
		81AB9BB72411601600AC10FF /* LaunchScreen.storyboard */ = {isa = PBXFileReference; fileEncoding = 4; lastKnownFileType = file.storyboard; name = LaunchScreen.storyboard; path = my_coffe_shop/LaunchScreen.storyboard; sourceTree = "<group>"; };
		89C6BE57DB24E9ADA2F236DE /* Pods-my_coffe_shop-my_coffe_shopTests.release.xcconfig */ = {isa = PBXFileReference; includeInIndex = 1; lastKnownFileType = text.xcconfig; name = "Pods-my_coffe_shop-my_coffe_shopTests.release.xcconfig"; path = "Target Support Files/Pods-my_coffe_shop-my_coffe_shopTests/Pods-my_coffe_shop-my_coffe_shopTests.release.xcconfig"; sourceTree = "<group>"; };
		ED297162215061F000B7C4FE /* JavaScriptCore.framework */ = {isa = PBXFileReference; lastKnownFileType = wrapper.framework; name = JavaScriptCore.framework; path = System/Library/Frameworks/JavaScriptCore.framework; sourceTree = SDKROOT; };
		0961D23C3CFA4712A666120B /* app_icons.ttf */ = {isa = PBXFileReference; name = "app_icons.ttf"; path = "../src/assets/fonts/app_icons.ttf"; sourceTree = "<group>"; fileEncoding = undefined; lastKnownFileType = unknown; explicitFileType = undefined; includeInIndex = 0; };
		90E2AFAC65AF4DAA81EC38C4 /* Poppins-Black.ttf */ = {isa = PBXFileReference; name = "Poppins-Black.ttf"; path = "../src/assets/fonts/Poppins-Black.ttf"; sourceTree = "<group>"; fileEncoding = undefined; lastKnownFileType = unknown; explicitFileType = undefined; includeInIndex = 0; };
		8DA79C9C81A74DD791DFC6B8 /* Poppins-Bold.ttf */ = {isa = PBXFileReference; name = "Poppins-Bold.ttf"; path = "../src/assets/fonts/Poppins-Bold.ttf"; sourceTree = "<group>"; fileEncoding = undefined; lastKnownFileType = unknown; explicitFileType = undefined; includeInIndex = 0; };
		3DF993EDCA1849D1B8341A0F /* Poppins-ExtraBold.ttf */ = {isa = PBXFileReference; name = "Poppins-ExtraBold.ttf"; path = "../src/assets/fonts/Poppins-ExtraBold.ttf"; sourceTree = "<group>"; fileEncoding = undefined; lastKnownFileType = unknown; explicitFileType = undefined; includeInIndex = 0; };
		58CC453C4D8F4D0AAC2C90FE /* Poppins-ExtraLight.ttf */ = {isa = PBXFileReference; name = "Poppins-ExtraLight.ttf"; path = "../src/assets/fonts/Poppins-ExtraLight.ttf"; sourceTree = "<group>"; fileEncoding = undefined; lastKnownFileType = unknown; explicitFileType = undefined; includeInIndex = 0; };
		EDA35C75056E4206A5357B40 /* Poppins-Light.ttf */ = {isa = PBXFileReference; name = "Poppins-Light.ttf"; path = "../src/assets/fonts/Poppins-Light.ttf"; sourceTree = "<group>"; fileEncoding = undefined; lastKnownFileType = unknown; explicitFileType = undefined; includeInIndex = 0; };
		3B07B77883D0493DA708BCCE /* Poppins-Medium.ttf */ = {isa = PBXFileReference; name = "Poppins-Medium.ttf"; path = "../src/assets/fonts/Poppins-Medium.ttf"; sourceTree = "<group>"; fileEncoding = undefined; lastKnownFileType = unknown; explicitFileType = undefined; includeInIndex = 0; };
		E1FAF48E5634451EADFBF2CD /* Poppins-Regular.ttf */ = {isa = PBXFileReference; name = "Poppins-Regular.ttf"; path = "../src/assets/fonts/Poppins-Regular.ttf"; sourceTree = "<group>"; fileEncoding = undefined; lastKnownFileType = unknown; explicitFileType = undefined; includeInIndex = 0; };
		8275764C45EA4CEA9F41D86B /* Poppins-SemiBold.ttf */ = {isa = PBXFileReference; name = "Poppins-SemiBold.ttf"; path = "../src/assets/fonts/Poppins-SemiBold.ttf"; sourceTree = "<group>"; fileEncoding = undefined; lastKnownFileType = unknown; explicitFileType = undefined; includeInIndex = 0; };
		26D3E1486310487BA68D7389 /* Poppins-Thin.ttf */ = {isa = PBXFileReference; name = "Poppins-Thin.ttf"; path = "../src/assets/fonts/Poppins-Thin.ttf"; sourceTree = "<group>"; fileEncoding = undefined; lastKnownFileType = unknown; explicitFileType = undefined; includeInIndex = 0; };
		7B4C7D0D61C74518AE591118 /* amazonpay.png */ = {isa = PBXFileReference; name = "amazonpay.png"; path = "../src/assets/app_images/amazonpay.png"; sourceTree = "<group>"; fileEncoding = undefined; lastKnownFileType = unknown; explicitFileType = undefined; includeInIndex = 0; };
		4532E337C0134DBA9FB1F8EC /* applepay.png */ = {isa = PBXFileReference; name = "applepay.png"; path = "../src/assets/app_images/applepay.png"; sourceTree = "<group>"; fileEncoding = undefined; lastKnownFileType = unknown; explicitFileType = undefined; includeInIndex = 0; };
		9B5F56BFAD2C45A5B93450C9 /* avatar.png */ = {isa = PBXFileReference; name = "avatar.png"; path = "../src/assets/app_images/avatar.png"; sourceTree = "<group>"; fileEncoding = undefined; lastKnownFileType = unknown; explicitFileType = undefined; includeInIndex = 0; };
		8B616C8728174520BB516FF8 /* gpay.png */ = {isa = PBXFileReference; name = "gpay.png"; path = "../src/assets/app_images/gpay.png"; sourceTree = "<group>"; fileEncoding = undefined; lastKnownFileType = unknown; explicitFileType = undefined; includeInIndex = 0; };
		3B3207FD6460470188408F02 /* americano_pic_1_portrait.png */ = {isa = PBXFileReference; name = "americano_pic_1_portrait.png"; path = "../src/assets/coffee_assets/americano/portrait/americano_pic_1_portrait.png"; sourceTree = "<group>"; fileEncoding = undefined; lastKnownFileType = unknown; explicitFileType = undefined; includeInIndex = 0; };
		C58A52AB1A42490B906677B1 /* americano_pic_2_portrait.png */ = {isa = PBXFileReference; name = "americano_pic_2_portrait.png"; path = "../src/assets/coffee_assets/americano/portrait/americano_pic_2_portrait.png"; sourceTree = "<group>"; fileEncoding = undefined; lastKnownFileType = unknown; explicitFileType = undefined; includeInIndex = 0; };
		2AC9326952AA49C7BF7DD896 /* americano_pic_3_portrait.png */ = {isa = PBXFileReference; name = "americano_pic_3_portrait.png"; path = "../src/assets/coffee_assets/americano/portrait/americano_pic_3_portrait.png"; sourceTree = "<group>"; fileEncoding = undefined; lastKnownFileType = unknown; explicitFileType = undefined; includeInIndex = 0; };
		2F58690634B248B3A61960AE /* americano_pic_1_square.png */ = {isa = PBXFileReference; name = "americano_pic_1_square.png"; path = "../src/assets/coffee_assets/americano/square/americano_pic_1_square.png"; sourceTree = "<group>"; fileEncoding = undefined; lastKnownFileType = unknown; explicitFileType = undefined; includeInIndex = 0; };
		811C82EAF2A64A5DAACB8B51 /* americano_pic_2_square.png */ = {isa = PBXFileReference; name = "americano_pic_2_square.png"; path = "../src/assets/coffee_assets/americano/square/americano_pic_2_square.png"; sourceTree = "<group>"; fileEncoding = undefined; lastKnownFileType = unknown; explicitFileType = undefined; includeInIndex = 0; };
		C2147DE34FAC4F5FAE5C9960 /* americano_pic_3_square.png */ = {isa = PBXFileReference; name = "americano_pic_3_square.png"; path = "../src/assets/coffee_assets/americano/square/americano_pic_3_square.png"; sourceTree = "<group>"; fileEncoding = undefined; lastKnownFileType = unknown; explicitFileType = undefined; includeInIndex = 0; };
		9E166581FB53428C9CA857CE /* arabica_coffee_beans_portrait.png */ = {isa = PBXFileReference; name = "arabica_coffee_beans_portrait.png"; path = "../src/assets/coffee_assets/arabica_coffee_beans/arabica_coffee_beans_portrait.png"; sourceTree = "<group>"; fileEncoding = undefined; lastKnownFileType = unknown; explicitFileType = undefined; includeInIndex = 0; };
		3B8DC1C6704F4643ADFCFCC6 /* arabica_coffee_beans_square.png */ = {isa = PBXFileReference; name = "arabica_coffee_beans_square.png"; path = "../src/assets/coffee_assets/arabica_coffee_beans/arabica_coffee_beans_square.png"; sourceTree = "<group>"; fileEncoding = undefined; lastKnownFileType = unknown; explicitFileType = undefined; includeInIndex = 0; };
		DC669A74F51542B19C1D37F6 /* black_coffee_pic_1_portrait.png */ = {isa = PBXFileReference; name = "black_coffee_pic_1_portrait.png"; path = "../src/assets/coffee_assets/black_coffee/portrait/black_coffee_pic_1_portrait.png"; sourceTree = "<group>"; fileEncoding = undefined; lastKnownFileType = unknown; explicitFileType = undefined; includeInIndex = 0; };
		2483EFCA7035421E912EB783 /* black_coffee_pic_2_portrait.png */ = {isa = PBXFileReference; name = "black_coffee_pic_2_portrait.png"; path = "../src/assets/coffee_assets/black_coffee/portrait/black_coffee_pic_2_portrait.png"; sourceTree = "<group>"; fileEncoding = undefined; lastKnownFileType = unknown; explicitFileType = undefined; includeInIndex = 0; };
		607E74A12E9F4BCBB295BAB0 /* black_coffee_pic_3_portrait.png */ = {isa = PBXFileReference; name = "black_coffee_pic_3_portrait.png"; path = "../src/assets/coffee_assets/black_coffee/portrait/black_coffee_pic_3_portrait.png"; sourceTree = "<group>"; fileEncoding = undefined; lastKnownFileType = unknown; explicitFileType = undefined; includeInIndex = 0; };
		8A0F16FD3F394971BC4DA235 /* black_coffee_pic_1_square.png */ = {isa = PBXFileReference; name = "black_coffee_pic_1_square.png"; path = "../src/assets/coffee_assets/black_coffee/square/black_coffee_pic_1_square.png"; sourceTree = "<group>"; fileEncoding = undefined; lastKnownFileType = unknown; explicitFileType = undefined; includeInIndex = 0; };
		6B8F9E6D901F4A84A5E64495 /* black_coffee_pic_2_square.png */ = {isa = PBXFileReference; name = "black_coffee_pic_2_square.png"; path = "../src/assets/coffee_assets/black_coffee/square/black_coffee_pic_2_square.png"; sourceTree = "<group>"; fileEncoding = undefined; lastKnownFileType = unknown; explicitFileType = undefined; includeInIndex = 0; };
		FF94E63FDAED434A8B39A773 /* black_coffee_pic_3_square.png */ = {isa = PBXFileReference; name = "black_coffee_pic_3_square.png"; path = "../src/assets/coffee_assets/black_coffee/square/black_coffee_pic_3_square.png"; sourceTree = "<group>"; fileEncoding = undefined; lastKnownFileType = unknown; explicitFileType = undefined; includeInIndex = 0; };
		955A1042C6B945C5A610290A /* cappuccino_pic_1_portrait.png */ = {isa = PBXFileReference; name = "cappuccino_pic_1_portrait.png"; path = "../src/assets/coffee_assets/cappuccino/portrait/cappuccino_pic_1_portrait.png"; sourceTree = "<group>"; fileEncoding = undefined; lastKnownFileType = unknown; explicitFileType = undefined; includeInIndex = 0; };
		69A33F729C8F43E383717A79 /* cappuccino_pic_2_portrait.png */ = {isa = PBXFileReference; name = "cappuccino_pic_2_portrait.png"; path = "../src/assets/coffee_assets/cappuccino/portrait/cappuccino_pic_2_portrait.png"; sourceTree = "<group>"; fileEncoding = undefined; lastKnownFileType = unknown; explicitFileType = undefined; includeInIndex = 0; };
		B9CFBFE253204763BF40D63E /* cappuccino_pic_3_portrait.png */ = {isa = PBXFileReference; name = "cappuccino_pic_3_portrait.png"; path = "../src/assets/coffee_assets/cappuccino/portrait/cappuccino_pic_3_portrait.png"; sourceTree = "<group>"; fileEncoding = undefined; lastKnownFileType = unknown; explicitFileType = undefined; includeInIndex = 0; };
		492C921597E84647B0EE21B9 /* cappuccino_pic_1_square.png */ = {isa = PBXFileReference; name = "cappuccino_pic_1_square.png"; path = "../src/assets/coffee_assets/cappuccino/square/cappuccino_pic_1_square.png"; sourceTree = "<group>"; fileEncoding = undefined; lastKnownFileType = unknown; explicitFileType = undefined; includeInIndex = 0; };
		D7C356C322C34678B29D305A /* cappuccino_pic_2_square.png */ = {isa = PBXFileReference; name = "cappuccino_pic_2_square.png"; path = "../src/assets/coffee_assets/cappuccino/square/cappuccino_pic_2_square.png"; sourceTree = "<group>"; fileEncoding = undefined; lastKnownFileType = unknown; explicitFileType = undefined; includeInIndex = 0; };
		24DDBAB54A044AABA29BB0EB /* cappuccino_pic_3_square.png */ = {isa = PBXFileReference; name = "cappuccino_pic_3_square.png"; path = "../src/assets/coffee_assets/cappuccino/square/cappuccino_pic_3_square.png"; sourceTree = "<group>"; fileEncoding = undefined; lastKnownFileType = unknown; explicitFileType = undefined; includeInIndex = 0; };
		0AB9B33E3E8C4C90A1DC06DD /* espresso_pic_1_portrait.png */ = {isa = PBXFileReference; name = "espresso_pic_1_portrait.png"; path = "../src/assets/coffee_assets/espresso/portrait/espresso_pic_1_portrait.png"; sourceTree = "<group>"; fileEncoding = undefined; lastKnownFileType = unknown; explicitFileType = undefined; includeInIndex = 0; };
		E74394C239194704AD7F65AA /* espresso_pic_2_portrait.png */ = {isa = PBXFileReference; name = "espresso_pic_2_portrait.png"; path = "../src/assets/coffee_assets/espresso/portrait/espresso_pic_2_portrait.png"; sourceTree = "<group>"; fileEncoding = undefined; lastKnownFileType = unknown; explicitFileType = undefined; includeInIndex = 0; };
		18AABCA766024C20A122D7E9 /* espresso_pic_3_portrait.png */ = {isa = PBXFileReference; name = "espresso_pic_3_portrait.png"; path = "../src/assets/coffee_assets/espresso/portrait/espresso_pic_3_portrait.png"; sourceTree = "<group>"; fileEncoding = undefined; lastKnownFileType = unknown; explicitFileType = undefined; includeInIndex = 0; };
		C6E894B93ABB47F6A1B30B37 /* espresso_pic_1_square.png */ = {isa = PBXFileReference; name = "espresso_pic_1_square.png"; path = "../src/assets/coffee_assets/espresso/square/espresso_pic_1_square.png"; sourceTree = "<group>"; fileEncoding = undefined; lastKnownFileType = unknown; explicitFileType = undefined; includeInIndex = 0; };
		D363260A18DA416AAECD0D31 /* espresso_pic_2_square.png */ = {isa = PBXFileReference; name = "espresso_pic_2_square.png"; path = "../src/assets/coffee_assets/espresso/square/espresso_pic_2_square.png"; sourceTree = "<group>"; fileEncoding = undefined; lastKnownFileType = unknown; explicitFileType = undefined; includeInIndex = 0; };
		2F97196FDC4E433AB8516523 /* espresso_pic_3_square.png */ = {isa = PBXFileReference; name = "espresso_pic_3_square.png"; path = "../src/assets/coffee_assets/espresso/square/espresso_pic_3_square.png"; sourceTree = "<group>"; fileEncoding = undefined; lastKnownFileType = unknown; explicitFileType = undefined; includeInIndex = 0; };
		B99FE1F787F44259A2C6C87D /* excelsa_coffee_beans_portrait.png */ = {isa = PBXFileReference; name = "excelsa_coffee_beans_portrait.png"; path = "../src/assets/coffee_assets/excelsa_coffee_beans/excelsa_coffee_beans_portrait.png"; sourceTree = "<group>"; fileEncoding = undefined; lastKnownFileType = unknown; explicitFileType = undefined; includeInIndex = 0; };
		BCDB4F83AAB248A99CFBBAC3 /* excelsa_coffee_beans_square.png */ = {isa = PBXFileReference; name = "excelsa_coffee_beans_square.png"; path = "../src/assets/coffee_assets/excelsa_coffee_beans/excelsa_coffee_beans_square.png"; sourceTree = "<group>"; fileEncoding = undefined; lastKnownFileType = unknown; explicitFileType = undefined; includeInIndex = 0; };
		7BFAA4205A31432DA999BEC8 /* latte_pic_1_portrait.png */ = {isa = PBXFileReference; name = "latte_pic_1_portrait.png"; path = "../src/assets/coffee_assets/latte/portrait/latte_pic_1_portrait.png"; sourceTree = "<group>"; fileEncoding = undefined; lastKnownFileType = unknown; explicitFileType = undefined; includeInIndex = 0; };
		3D7D0492FB9549EEB3B810D8 /* latte_pic_2_portrait.png */ = {isa = PBXFileReference; name = "latte_pic_2_portrait.png"; path = "../src/assets/coffee_assets/latte/portrait/latte_pic_2_portrait.png"; sourceTree = "<group>"; fileEncoding = undefined; lastKnownFileType = unknown; explicitFileType = undefined; includeInIndex = 0; };
		3AEEF07E757843B0A060AAB3 /* latte_pic_3_portrait.png */ = {isa = PBXFileReference; name = "latte_pic_3_portrait.png"; path = "../src/assets/coffee_assets/latte/portrait/latte_pic_3_portrait.png"; sourceTree = "<group>"; fileEncoding = undefined; lastKnownFileType = unknown; explicitFileType = undefined; includeInIndex = 0; };
		17F3099178B34D4097636878 /* latte_pic_1_square.png */ = {isa = PBXFileReference; name = "latte_pic_1_square.png"; path = "../src/assets/coffee_assets/latte/square/latte_pic_1_square.png"; sourceTree = "<group>"; fileEncoding = undefined; lastKnownFileType = unknown; explicitFileType = undefined; includeInIndex = 0; };
		EE914E003ED647CC88FBD2AC /* latte_pic_2_square.png */ = {isa = PBXFileReference; name = "latte_pic_2_square.png"; path = "../src/assets/coffee_assets/latte/square/latte_pic_2_square.png"; sourceTree = "<group>"; fileEncoding = undefined; lastKnownFileType = unknown; explicitFileType = undefined; includeInIndex = 0; };
		510E2D7F27BC4633A3DAEB08 /* latte_pic_3_square.png */ = {isa = PBXFileReference; name = "latte_pic_3_square.png"; path = "../src/assets/coffee_assets/latte/square/latte_pic_3_square.png"; sourceTree = "<group>"; fileEncoding = undefined; lastKnownFileType = unknown; explicitFileType = undefined; includeInIndex = 0; };
		F380FC4D152D46FF95BBB168 /* liberica_coffee_beans_portrait.png */ = {isa = PBXFileReference; name = "liberica_coffee_beans_portrait.png"; path = "../src/assets/coffee_assets/liberica_coffee_beans/liberica_coffee_beans_portrait.png"; sourceTree = "<group>"; fileEncoding = undefined; lastKnownFileType = unknown; explicitFileType = undefined; includeInIndex = 0; };
		47DC291BB8EA4802883A552E /* liberica_coffee_beans_square.png */ = {isa = PBXFileReference; name = "liberica_coffee_beans_square.png"; path = "../src/assets/coffee_assets/liberica_coffee_beans/liberica_coffee_beans_square.png"; sourceTree = "<group>"; fileEncoding = undefined; lastKnownFileType = unknown; explicitFileType = undefined; includeInIndex = 0; };
		B3B779A60F6B4563AF4C4BB0 /* macchiato_pic_1_portrait.png */ = {isa = PBXFileReference; name = "macchiato_pic_1_portrait.png"; path = "../src/assets/coffee_assets/macchiato/portrait/macchiato_pic_1_portrait.png"; sourceTree = "<group>"; fileEncoding = undefined; lastKnownFileType = unknown; explicitFileType = undefined; includeInIndex = 0; };
		CF3F612B7D794C8BBB1757A9 /* macchiato_pic_2_portrait.png */ = {isa = PBXFileReference; name = "macchiato_pic_2_portrait.png"; path = "../src/assets/coffee_assets/macchiato/portrait/macchiato_pic_2_portrait.png"; sourceTree = "<group>"; fileEncoding = undefined; lastKnownFileType = unknown; explicitFileType = undefined; includeInIndex = 0; };
		F298F112E7EF41C6AFD5E56B /* macchiato_pic_3_portrait.png */ = {isa = PBXFileReference; name = "macchiato_pic_3_portrait.png"; path = "../src/assets/coffee_assets/macchiato/portrait/macchiato_pic_3_portrait.png"; sourceTree = "<group>"; fileEncoding = undefined; lastKnownFileType = unknown; explicitFileType = undefined; includeInIndex = 0; };
		4657167CA3924D3E9971BDA4 /* macchiato_pic_1_square.png */ = {isa = PBXFileReference; name = "macchiato_pic_1_square.png"; path = "../src/assets/coffee_assets/macchiato/square/macchiato_pic_1_square.png"; sourceTree = "<group>"; fileEncoding = undefined; lastKnownFileType = unknown; explicitFileType = undefined; includeInIndex = 0; };
		20B8382EAEE745EAA666AFFB /* macchiato_pic_2_square.png */ = {isa = PBXFileReference; name = "macchiato_pic_2_square.png"; path = "../src/assets/coffee_assets/macchiato/square/macchiato_pic_2_square.png"; sourceTree = "<group>"; fileEncoding = undefined; lastKnownFileType = unknown; explicitFileType = undefined; includeInIndex = 0; };
		E61410CC99B84E8BBEC22DB0 /* macchiato_pic_3_square.png */ = {isa = PBXFileReference; name = "macchiato_pic_3_square.png"; path = "../src/assets/coffee_assets/macchiato/square/macchiato_pic_3_square.png"; sourceTree = "<group>"; fileEncoding = undefined; lastKnownFileType = unknown; explicitFileType = undefined; includeInIndex = 0; };
		828A42FB798847DA8703C226 /* robusta_coffee_beans_portrait.png */ = {isa = PBXFileReference; name = "robusta_coffee_beans_portrait.png"; path = "../src/assets/coffee_assets/robusta_coffee_beans/robusta_coffee_beans_portrait.png"; sourceTree = "<group>"; fileEncoding = undefined; lastKnownFileType = unknown; explicitFileType = undefined; includeInIndex = 0; };
		5B9C9F513F214002BA8A2053 /* robusta_coffee_beans_square.png */ = {isa = PBXFileReference; name = "robusta_coffee_beans_square.png"; path = "../src/assets/coffee_assets/robusta_coffee_beans/robusta_coffee_beans_square.png"; sourceTree = "<group>"; fileEncoding = undefined; lastKnownFileType = unknown; explicitFileType = undefined; includeInIndex = 0; };
/* End PBXFileReference section */

/* Begin PBXFrameworksBuildPhase section */
		00E356EB1AD99517003FC87E /* Frameworks */ = {
			isa = PBXFrameworksBuildPhase;
			buildActionMask = 2147483647;
			files = (
				7699B88040F8A987B510C191 /* libPods-my_coffe_shop-my_coffe_shopTests.a in Frameworks */,
			);
			runOnlyForDeploymentPostprocessing = 0;
		};
		13B07F8C1A680F5B00A75B9A /* Frameworks */ = {
			isa = PBXFrameworksBuildPhase;
			buildActionMask = 2147483647;
			files = (
				0C80B921A6F3F58F76C31292 /* libPods-my_coffe_shop.a in Frameworks */,
			);
			runOnlyForDeploymentPostprocessing = 0;
		};
/* End PBXFrameworksBuildPhase section */

/* Begin PBXGroup section */
		00E356EF1AD99517003FC87E /* my_coffe_shopTests */ = {
			isa = PBXGroup;
			children = (
				00E356F21AD99517003FC87E /* my_coffe_shopTests.m */,
				00E356F01AD99517003FC87E /* Supporting Files */,
			);
			path = my_coffe_shopTests;
			sourceTree = "<group>";
		};
		00E356F01AD99517003FC87E /* Supporting Files */ = {
			isa = PBXGroup;
			children = (
				00E356F11AD99517003FC87E /* Info.plist */,
			);
			name = "Supporting Files";
			sourceTree = "<group>";
		};
		13B07FAE1A68108700A75B9A /* my_coffe_shop */ = {
			isa = PBXGroup;
			children = (
				13B07FAF1A68108700A75B9A /* AppDelegate.h */,
				13B07FB01A68108700A75B9A /* AppDelegate.mm */,
				13B07FB51A68108700A75B9A /* Images.xcassets */,
				13B07FB61A68108700A75B9A /* Info.plist */,
				81AB9BB72411601600AC10FF /* LaunchScreen.storyboard */,
				13B07FB71A68108700A75B9A /* main.m */,
			);
			name = my_coffe_shop;
			sourceTree = "<group>";
		};
		2D16E6871FA4F8E400B85C8A /* Frameworks */ = {
			isa = PBXGroup;
			children = (
				ED297162215061F000B7C4FE /* JavaScriptCore.framework */,
				5DCACB8F33CDC322A6C60F78 /* libPods-my_coffe_shop.a */,
				19F6CBCC0A4E27FBF8BF4A61 /* libPods-my_coffe_shop-my_coffe_shopTests.a */,
			);
			name = Frameworks;
			sourceTree = "<group>";
		};
		832341AE1AAA6A7D00B99B32 /* Libraries */ = {
			isa = PBXGroup;
			children = (
			);
			name = Libraries;
			sourceTree = "<group>";
		};
		83CBB9F61A601CBA00E9B192 = {
			isa = PBXGroup;
			children = (
				13B07FAE1A68108700A75B9A /* my_coffe_shop */,
				832341AE1AAA6A7D00B99B32 /* Libraries */,
				00E356EF1AD99517003FC87E /* my_coffe_shopTests */,
				83CBBA001A601CBA00E9B192 /* Products */,
				2D16E6871FA4F8E400B85C8A /* Frameworks */,
				BBD78D7AC51CEA395F1C20DB /* Pods */,
				C9581234D3054715BDB9474F /* Resources */,
			);
			indentWidth = 2;
			sourceTree = "<group>";
			tabWidth = 2;
			usesTabs = 0;
		};
		83CBBA001A601CBA00E9B192 /* Products */ = {
			isa = PBXGroup;
			children = (
				13B07F961A680F5B00A75B9A /* my_coffe_shop.app */,
				00E356EE1AD99517003FC87E /* my_coffe_shopTests.xctest */,
			);
			name = Products;
			sourceTree = "<group>";
		};
		BBD78D7AC51CEA395F1C20DB /* Pods */ = {
			isa = PBXGroup;
			children = (
				3B4392A12AC88292D35C810B /* Pods-my_coffe_shop.debug.xcconfig */,
				5709B34CF0A7D63546082F79 /* Pods-my_coffe_shop.release.xcconfig */,
				5B7EB9410499542E8C5724F5 /* Pods-my_coffe_shop-my_coffe_shopTests.debug.xcconfig */,
				89C6BE57DB24E9ADA2F236DE /* Pods-my_coffe_shop-my_coffe_shopTests.release.xcconfig */,
			);
			path = Pods;
			sourceTree = "<group>";
		};
		C9581234D3054715BDB9474F /* Resources */ = {
			isa = "PBXGroup";
			children = (
				0961D23C3CFA4712A666120B /* app_icons.ttf */,
				90E2AFAC65AF4DAA81EC38C4 /* Poppins-Black.ttf */,
				8DA79C9C81A74DD791DFC6B8 /* Poppins-Bold.ttf */,
				3DF993EDCA1849D1B8341A0F /* Poppins-ExtraBold.ttf */,
				58CC453C4D8F4D0AAC2C90FE /* Poppins-ExtraLight.ttf */,
				EDA35C75056E4206A5357B40 /* Poppins-Light.ttf */,
				3B07B77883D0493DA708BCCE /* Poppins-Medium.ttf */,
				E1FAF48E5634451EADFBF2CD /* Poppins-Regular.ttf */,
				8275764C45EA4CEA9F41D86B /* Poppins-SemiBold.ttf */,
				26D3E1486310487BA68D7389 /* Poppins-Thin.ttf */,
				7B4C7D0D61C74518AE591118 /* amazonpay.png */,
				4532E337C0134DBA9FB1F8EC /* applepay.png */,
				9B5F56BFAD2C45A5B93450C9 /* avatar.png */,
				8B616C8728174520BB516FF8 /* gpay.png */,
				3B3207FD6460470188408F02 /* americano_pic_1_portrait.png */,
				C58A52AB1A42490B906677B1 /* americano_pic_2_portrait.png */,
				2AC9326952AA49C7BF7DD896 /* americano_pic_3_portrait.png */,
				2F58690634B248B3A61960AE /* americano_pic_1_square.png */,
				811C82EAF2A64A5DAACB8B51 /* americano_pic_2_square.png */,
				C2147DE34FAC4F5FAE5C9960 /* americano_pic_3_square.png */,
				9E166581FB53428C9CA857CE /* arabica_coffee_beans_portrait.png */,
				3B8DC1C6704F4643ADFCFCC6 /* arabica_coffee_beans_square.png */,
				DC669A74F51542B19C1D37F6 /* black_coffee_pic_1_portrait.png */,
				2483EFCA7035421E912EB783 /* black_coffee_pic_2_portrait.png */,
				607E74A12E9F4BCBB295BAB0 /* black_coffee_pic_3_portrait.png */,
				8A0F16FD3F394971BC4DA235 /* black_coffee_pic_1_square.png */,
				6B8F9E6D901F4A84A5E64495 /* black_coffee_pic_2_square.png */,
				FF94E63FDAED434A8B39A773 /* black_coffee_pic_3_square.png */,
				955A1042C6B945C5A610290A /* cappuccino_pic_1_portrait.png */,
				69A33F729C8F43E383717A79 /* cappuccino_pic_2_portrait.png */,
				B9CFBFE253204763BF40D63E /* cappuccino_pic_3_portrait.png */,
				492C921597E84647B0EE21B9 /* cappuccino_pic_1_square.png */,
				D7C356C322C34678B29D305A /* cappuccino_pic_2_square.png */,
				24DDBAB54A044AABA29BB0EB /* cappuccino_pic_3_square.png */,
				0AB9B33E3E8C4C90A1DC06DD /* espresso_pic_1_portrait.png */,
				E74394C239194704AD7F65AA /* espresso_pic_2_portrait.png */,
				18AABCA766024C20A122D7E9 /* espresso_pic_3_portrait.png */,
				C6E894B93ABB47F6A1B30B37 /* espresso_pic_1_square.png */,
				D363260A18DA416AAECD0D31 /* espresso_pic_2_square.png */,
				2F97196FDC4E433AB8516523 /* espresso_pic_3_square.png */,
				B99FE1F787F44259A2C6C87D /* excelsa_coffee_beans_portrait.png */,
				BCDB4F83AAB248A99CFBBAC3 /* excelsa_coffee_beans_square.png */,
				7BFAA4205A31432DA999BEC8 /* latte_pic_1_portrait.png */,
				3D7D0492FB9549EEB3B810D8 /* latte_pic_2_portrait.png */,
				3AEEF07E757843B0A060AAB3 /* latte_pic_3_portrait.png */,
				17F3099178B34D4097636878 /* latte_pic_1_square.png */,
				EE914E003ED647CC88FBD2AC /* latte_pic_2_square.png */,
				510E2D7F27BC4633A3DAEB08 /* latte_pic_3_square.png */,
				F380FC4D152D46FF95BBB168 /* liberica_coffee_beans_portrait.png */,
				47DC291BB8EA4802883A552E /* liberica_coffee_beans_square.png */,
				B3B779A60F6B4563AF4C4BB0 /* macchiato_pic_1_portrait.png */,
				CF3F612B7D794C8BBB1757A9 /* macchiato_pic_2_portrait.png */,
				F298F112E7EF41C6AFD5E56B /* macchiato_pic_3_portrait.png */,
				4657167CA3924D3E9971BDA4 /* macchiato_pic_1_square.png */,
				20B8382EAEE745EAA666AFFB /* macchiato_pic_2_square.png */,
				E61410CC99B84E8BBEC22DB0 /* macchiato_pic_3_square.png */,
				828A42FB798847DA8703C226 /* robusta_coffee_beans_portrait.png */,
				5B9C9F513F214002BA8A2053 /* robusta_coffee_beans_square.png */,
			);
			name = Resources;
			sourceTree = "<group>";
			path = "";
		};
/* End PBXGroup section */

/* Begin PBXNativeTarget section */
		00E356ED1AD99517003FC87E /* my_coffe_shopTests */ = {
			isa = PBXNativeTarget;
			buildConfigurationList = 00E357021AD99517003FC87E /* Build configuration list for PBXNativeTarget "my_coffe_shopTests" */;
			buildPhases = (
				A55EABD7B0C7F3A422A6CC61 /* [CP] Check Pods Manifest.lock */,
				00E356EA1AD99517003FC87E /* Sources */,
				00E356EB1AD99517003FC87E /* Frameworks */,
				00E356EC1AD99517003FC87E /* Resources */,
				C59DA0FBD6956966B86A3779 /* [CP] Embed Pods Frameworks */,
				F6A41C54EA430FDDC6A6ED99 /* [CP] Copy Pods Resources */,
			);
			buildRules = (
			);
			dependencies = (
				00E356F51AD99517003FC87E /* PBXTargetDependency */,
			);
			name = my_coffe_shopTests;
			productName = my_coffe_shopTests;
			productReference = 00E356EE1AD99517003FC87E /* my_coffe_shopTests.xctest */;
			productType = "com.apple.product-type.bundle.unit-test";
		};
		13B07F861A680F5B00A75B9A /* my_coffe_shop */ = {
			isa = PBXNativeTarget;
			buildConfigurationList = 13B07F931A680F5B00A75B9A /* Build configuration list for PBXNativeTarget "my_coffe_shop" */;
			buildPhases = (
				C38B50BA6285516D6DCD4F65 /* [CP] Check Pods Manifest.lock */,
				13B07F871A680F5B00A75B9A /* Sources */,
				13B07F8C1A680F5B00A75B9A /* Frameworks */,
				13B07F8E1A680F5B00A75B9A /* Resources */,
				00DD1BFF1BD5951E006B06BC /* Bundle React Native code and images */,
				00EEFC60759A1932668264C0 /* [CP] Embed Pods Frameworks */,
				E235C05ADACE081382539298 /* [CP] Copy Pods Resources */,
			);
			buildRules = (
			);
			dependencies = (
			);
			name = my_coffe_shop;
			productName = my_coffe_shop;
			productReference = 13B07F961A680F5B00A75B9A /* my_coffe_shop.app */;
			productType = "com.apple.product-type.application";
		};
/* End PBXNativeTarget section */

/* Begin PBXProject section */
		83CBB9F71A601CBA00E9B192 /* Project object */ = {
			isa = PBXProject;
			attributes = {
				LastUpgradeCheck = 1210;
				TargetAttributes = {
					00E356ED1AD99517003FC87E = {
						CreatedOnToolsVersion = 6.2;
						TestTargetID = 13B07F861A680F5B00A75B9A;
					};
					13B07F861A680F5B00A75B9A = {
						LastSwiftMigration = 1120;
					};
				};
			};
			buildConfigurationList = 83CBB9FA1A601CBA00E9B192 /* Build configuration list for PBXProject "my_coffe_shop" */;
			compatibilityVersion = "Xcode 12.0";
			developmentRegion = en;
			hasScannedForEncodings = 0;
			knownRegions = (
				en,
				Base,
			);
			mainGroup = 83CBB9F61A601CBA00E9B192;
			productRefGroup = 83CBBA001A601CBA00E9B192 /* Products */;
			projectDirPath = "";
			projectRoot = "";
			targets = (
				13B07F861A680F5B00A75B9A /* my_coffe_shop */,
				00E356ED1AD99517003FC87E /* my_coffe_shopTests */,
			);
		};
/* End PBXProject section */

/* Begin PBXResourcesBuildPhase section */
		00E356EC1AD99517003FC87E /* Resources */ = {
			isa = PBXResourcesBuildPhase;
			buildActionMask = 2147483647;
			files = (
			);
			runOnlyForDeploymentPostprocessing = 0;
		};
		13B07F8E1A680F5B00A75B9A /* Resources */ = {
			isa = PBXResourcesBuildPhase;
			buildActionMask = 2147483647;
			files = (
				81AB9BB82411601600AC10FF /* LaunchScreen.storyboard in Resources */,
				13B07FBF1A68108700A75B9A /* Images.xcassets in Resources */,
				3A65C2C35B01432A98602AA7 /* app_icons.ttf in Resources */,
				1F049B9ADEDF4EABBD7A34F0 /* Poppins-Black.ttf in Resources */,
				F60FD5FA225E42B5B7A80541 /* Poppins-Bold.ttf in Resources */,
				C09164444D1949089349E083 /* Poppins-ExtraBold.ttf in Resources */,
				CFC68661B0CF4C708C800249 /* Poppins-ExtraLight.ttf in Resources */,
				94AAF24DA72543FD867A4215 /* Poppins-Light.ttf in Resources */,
				7F2C47FDB45F4B8F80D51D61 /* Poppins-Medium.ttf in Resources */,
				70DF012FE6B943F89A330BF1 /* Poppins-Regular.ttf in Resources */,
				4109D21CC31B4371920077C4 /* Poppins-SemiBold.ttf in Resources */,
				0D2DE85877C344678521838F /* Poppins-Thin.ttf in Resources */,
				B1DD891DEFBE4D178BC2D0BD /* amazonpay.png in Resources */,
				EFEC33151C434167BAC0B5A8 /* applepay.png in Resources */,
				79E2A23C7668433C9D9EAADD /* avatar.png in Resources */,
				0E2C8A77AC4443B7AC2EB8A2 /* gpay.png in Resources */,
				1F4A2B7C5A6B419F8252115D /* americano_pic_1_portrait.png in Resources */,
				94A8E9F9C3784DAB91CE1F29 /* americano_pic_2_portrait.png in Resources */,
				C350D1C2BC9D41EC818AB1C0 /* americano_pic_3_portrait.png in Resources */,
				BC6869730B2C4AA0AF042BA6 /* americano_pic_1_square.png in Resources */,
				402CCF9DEA994CB0A693DF69 /* americano_pic_2_square.png in Resources */,
				4C1243FFC9544655B90B776B /* americano_pic_3_square.png in Resources */,
				534B393C001D4EFE82173778 /* arabica_coffee_beans_portrait.png in Resources */,
				24D84E4609CD4D4498911311 /* arabica_coffee_beans_square.png in Resources */,
				07A3C8FB02314FB49CA7A56C /* black_coffee_pic_1_portrait.png in Resources */,
				9F905FB06E87432983159265 /* black_coffee_pic_2_portrait.png in Resources */,
				E3D2759ECE314465BC607C56 /* black_coffee_pic_3_portrait.png in Resources */,
				BE96C0DA83414924B3620E1E /* black_coffee_pic_1_square.png in Resources */,
				CBF8CEF7841A4F63ABA13981 /* black_coffee_pic_2_square.png in Resources */,
				9A79B42FE36E4B10AEAC39C1 /* black_coffee_pic_3_square.png in Resources */,
				80A154103EF74CEAB6979D2E /* cappuccino_pic_1_portrait.png in Resources */,
				2F0AA973F3294362954384F8 /* cappuccino_pic_2_portrait.png in Resources */,
				40E60815F7C24A56809822AA /* cappuccino_pic_3_portrait.png in Resources */,
				8D312BC205984D0395689763 /* cappuccino_pic_1_square.png in Resources */,
				643B465191B445E0BEEC0A4A /* cappuccino_pic_2_square.png in Resources */,
				2769FD1CC5074FA6ADDDBB5E /* cappuccino_pic_3_square.png in Resources */,
				15217134103149D4ACB35661 /* espresso_pic_1_portrait.png in Resources */,
				A9C587D5A313463EA989773B /* espresso_pic_2_portrait.png in Resources */,
				17B58BC6DE6147B4AC5F4375 /* espresso_pic_3_portrait.png in Resources */,
				767C11F488D5435B8F979AD2 /* espresso_pic_1_square.png in Resources */,
				B4A7E578BD9A422EA815B6C4 /* espresso_pic_2_square.png in Resources */,
				11F0963EA4F24012A13BACC2 /* espresso_pic_3_square.png in Resources */,
				8A368C63713B4B6E84924304 /* excelsa_coffee_beans_portrait.png in Resources */,
				8F10929F1A9B4903824B94FE /* excelsa_coffee_beans_square.png in Resources */,
				070392EE89B549D295E592DF /* latte_pic_1_portrait.png in Resources */,
				F675F556E7444583B825562B /* latte_pic_2_portrait.png in Resources */,
				955D847C6DEA4D598030E9A2 /* latte_pic_3_portrait.png in Resources */,
				C1EA20118CF2468B8264B12E /* latte_pic_1_square.png in Resources */,
				0843C28FE06441578AF13EBD /* latte_pic_2_square.png in Resources */,
				CF61CDC8D9444822AD7CC6C3 /* latte_pic_3_square.png in Resources */,
				D36F53943C0148D1B73B211F /* liberica_coffee_beans_portrait.png in Resources */,
				0FDB583040F34F43A94A62BA /* liberica_coffee_beans_square.png in Resources */,
				916524A7DB1447B287C1966F /* macchiato_pic_1_portrait.png in Resources */,
				AD33B12B96E64541BF16A461 /* macchiato_pic_2_portrait.png in Resources */,
				7812AF2B17144504AF7EAD8F /* macchiato_pic_3_portrait.png in Resources */,
				2CB766C85AE24CFE92FBB143 /* macchiato_pic_1_square.png in Resources */,
				5BC63B049C804EF1B92B2F1C /* macchiato_pic_2_square.png in Resources */,
				4609400869E44ACFA0CBCE95 /* macchiato_pic_3_square.png in Resources */,
				048604A5F4754E66ABFBAC0C /* robusta_coffee_beans_portrait.png in Resources */,
				D0D9C6F583894209B69941D6 /* robusta_coffee_beans_square.png in Resources */,
			);
			runOnlyForDeploymentPostprocessing = 0;
		};
/* End PBXResourcesBuildPhase section */

/* Begin PBXShellScriptBuildPhase section */
		00DD1BFF1BD5951E006B06BC /* Bundle React Native code and images */ = {
			isa = PBXShellScriptBuildPhase;
			buildActionMask = 2147483647;
			files = (
			);
			inputPaths = (
				"$(SRCROOT)/.xcode.env.local",
				"$(SRCROOT)/.xcode.env",
			);
			name = "Bundle React Native code and images";
			outputPaths = (
			);
			runOnlyForDeploymentPostprocessing = 0;
			shellPath = /bin/sh;
			shellScript = "set -e\n\nWITH_ENVIRONMENT=\"../node_modules/react-native/scripts/xcode/with-environment.sh\"\nREACT_NATIVE_XCODE=\"../node_modules/react-native/scripts/react-native-xcode.sh\"\n\n/bin/sh -c \"$WITH_ENVIRONMENT $REACT_NATIVE_XCODE\"\n";
		};
		00EEFC60759A1932668264C0 /* [CP] Embed Pods Frameworks */ = {
			isa = PBXShellScriptBuildPhase;
			buildActionMask = 2147483647;
			files = (
			);
			inputFileListPaths = (
				"${PODS_ROOT}/Target Support Files/Pods-my_coffe_shop/Pods-my_coffe_shop-frameworks-${CONFIGURATION}-input-files.xcfilelist",
			);
			name = "[CP] Embed Pods Frameworks";
			outputFileListPaths = (
				"${PODS_ROOT}/Target Support Files/Pods-my_coffe_shop/Pods-my_coffe_shop-frameworks-${CONFIGURATION}-output-files.xcfilelist",
			);
			runOnlyForDeploymentPostprocessing = 0;
			shellPath = /bin/sh;
			shellScript = "\"${PODS_ROOT}/Target Support Files/Pods-my_coffe_shop/Pods-my_coffe_shop-frameworks.sh\"\n";
			showEnvVarsInLog = 0;
		};
		A55EABD7B0C7F3A422A6CC61 /* [CP] Check Pods Manifest.lock */ = {
			isa = PBXShellScriptBuildPhase;
			buildActionMask = 2147483647;
			files = (
			);
			inputFileListPaths = (
			);
			inputPaths = (
				"${PODS_PODFILE_DIR_PATH}/Podfile.lock",
				"${PODS_ROOT}/Manifest.lock",
			);
			name = "[CP] Check Pods Manifest.lock";
			outputFileListPaths = (
			);
			outputPaths = (
				"$(DERIVED_FILE_DIR)/Pods-my_coffe_shop-my_coffe_shopTests-checkManifestLockResult.txt",
			);
			runOnlyForDeploymentPostprocessing = 0;
			shellPath = /bin/sh;
			shellScript = "diff \"${PODS_PODFILE_DIR_PATH}/Podfile.lock\" \"${PODS_ROOT}/Manifest.lock\" > /dev/null\nif [ $? != 0 ] ; then\n    # print error to STDERR\n    echo \"error: The sandbox is not in sync with the Podfile.lock. Run 'pod install' or update your CocoaPods installation.\" >&2\n    exit 1\nfi\n# This output is used by Xcode 'outputs' to avoid re-running this script phase.\necho \"SUCCESS\" > \"${SCRIPT_OUTPUT_FILE_0}\"\n";
			showEnvVarsInLog = 0;
		};
		C38B50BA6285516D6DCD4F65 /* [CP] Check Pods Manifest.lock */ = {
			isa = PBXShellScriptBuildPhase;
			buildActionMask = 2147483647;
			files = (
			);
			inputFileListPaths = (
			);
			inputPaths = (
				"${PODS_PODFILE_DIR_PATH}/Podfile.lock",
				"${PODS_ROOT}/Manifest.lock",
			);
			name = "[CP] Check Pods Manifest.lock";
			outputFileListPaths = (
			);
			outputPaths = (
				"$(DERIVED_FILE_DIR)/Pods-my_coffe_shop-checkManifestLockResult.txt",
			);
			runOnlyForDeploymentPostprocessing = 0;
			shellPath = /bin/sh;
			shellScript = "diff \"${PODS_PODFILE_DIR_PATH}/Podfile.lock\" \"${PODS_ROOT}/Manifest.lock\" > /dev/null\nif [ $? != 0 ] ; then\n    # print error to STDERR\n    echo \"error: The sandbox is not in sync with the Podfile.lock. Run 'pod install' or update your CocoaPods installation.\" >&2\n    exit 1\nfi\n# This output is used by Xcode 'outputs' to avoid re-running this script phase.\necho \"SUCCESS\" > \"${SCRIPT_OUTPUT_FILE_0}\"\n";
			showEnvVarsInLog = 0;
		};
		C59DA0FBD6956966B86A3779 /* [CP] Embed Pods Frameworks */ = {
			isa = PBXShellScriptBuildPhase;
			buildActionMask = 2147483647;
			files = (
			);
			inputFileListPaths = (
				"${PODS_ROOT}/Target Support Files/Pods-my_coffe_shop-my_coffe_shopTests/Pods-my_coffe_shop-my_coffe_shopTests-frameworks-${CONFIGURATION}-input-files.xcfilelist",
			);
			name = "[CP] Embed Pods Frameworks";
			outputFileListPaths = (
				"${PODS_ROOT}/Target Support Files/Pods-my_coffe_shop-my_coffe_shopTests/Pods-my_coffe_shop-my_coffe_shopTests-frameworks-${CONFIGURATION}-output-files.xcfilelist",
			);
			runOnlyForDeploymentPostprocessing = 0;
			shellPath = /bin/sh;
			shellScript = "\"${PODS_ROOT}/Target Support Files/Pods-my_coffe_shop-my_coffe_shopTests/Pods-my_coffe_shop-my_coffe_shopTests-frameworks.sh\"\n";
			showEnvVarsInLog = 0;
		};
		E235C05ADACE081382539298 /* [CP] Copy Pods Resources */ = {
			isa = PBXShellScriptBuildPhase;
			buildActionMask = 2147483647;
			files = (
			);
			inputFileListPaths = (
				"${PODS_ROOT}/Target Support Files/Pods-my_coffe_shop/Pods-my_coffe_shop-resources-${CONFIGURATION}-input-files.xcfilelist",
			);
			name = "[CP] Copy Pods Resources";
			outputFileListPaths = (
				"${PODS_ROOT}/Target Support Files/Pods-my_coffe_shop/Pods-my_coffe_shop-resources-${CONFIGURATION}-output-files.xcfilelist",
			);
			runOnlyForDeploymentPostprocessing = 0;
			shellPath = /bin/sh;
			shellScript = "\"${PODS_ROOT}/Target Support Files/Pods-my_coffe_shop/Pods-my_coffe_shop-resources.sh\"\n";
			showEnvVarsInLog = 0;
		};
		F6A41C54EA430FDDC6A6ED99 /* [CP] Copy Pods Resources */ = {
			isa = PBXShellScriptBuildPhase;
			buildActionMask = 2147483647;
			files = (
			);
			inputFileListPaths = (
				"${PODS_ROOT}/Target Support Files/Pods-my_coffe_shop-my_coffe_shopTests/Pods-my_coffe_shop-my_coffe_shopTests-resources-${CONFIGURATION}-input-files.xcfilelist",
			);
			name = "[CP] Copy Pods Resources";
			outputFileListPaths = (
				"${PODS_ROOT}/Target Support Files/Pods-my_coffe_shop-my_coffe_shopTests/Pods-my_coffe_shop-my_coffe_shopTests-resources-${CONFIGURATION}-output-files.xcfilelist",
			);
			runOnlyForDeploymentPostprocessing = 0;
			shellPath = /bin/sh;
			shellScript = "\"${PODS_ROOT}/Target Support Files/Pods-my_coffe_shop-my_coffe_shopTests/Pods-my_coffe_shop-my_coffe_shopTests-resources.sh\"\n";
			showEnvVarsInLog = 0;
		};
/* End PBXShellScriptBuildPhase section */

/* Begin PBXSourcesBuildPhase section */
		00E356EA1AD99517003FC87E /* Sources */ = {
			isa = PBXSourcesBuildPhase;
			buildActionMask = 2147483647;
			files = (
				00E356F31AD99517003FC87E /* my_coffe_shopTests.m in Sources */,
			);
			runOnlyForDeploymentPostprocessing = 0;
		};
		13B07F871A680F5B00A75B9A /* Sources */ = {
			isa = PBXSourcesBuildPhase;
			buildActionMask = 2147483647;
			files = (
				13B07FBC1A68108700A75B9A /* AppDelegate.mm in Sources */,
				13B07FC11A68108700A75B9A /* main.m in Sources */,
			);
			runOnlyForDeploymentPostprocessing = 0;
		};
/* End PBXSourcesBuildPhase section */

/* Begin PBXTargetDependency section */
		00E356F51AD99517003FC87E /* PBXTargetDependency */ = {
			isa = PBXTargetDependency;
			target = 13B07F861A680F5B00A75B9A /* my_coffe_shop */;
			targetProxy = 00E356F41AD99517003FC87E /* PBXContainerItemProxy */;
		};
/* End PBXTargetDependency section */

/* Begin XCBuildConfiguration section */
		00E356F61AD99517003FC87E /* Debug */ = {
			isa = XCBuildConfiguration;
			baseConfigurationReference = 5B7EB9410499542E8C5724F5 /* Pods-my_coffe_shop-my_coffe_shopTests.debug.xcconfig */;
			buildSettings = {
				BUNDLE_LOADER = "$(TEST_HOST)";
				GCC_PREPROCESSOR_DEFINITIONS = (
					"DEBUG=1",
					"$(inherited)",
				);
				INFOPLIST_FILE = my_coffe_shopTests/Info.plist;
				IPHONEOS_DEPLOYMENT_TARGET = 13.4;
				LD_RUNPATH_SEARCH_PATHS = (
					"$(inherited)",
					"@executable_path/Frameworks",
					"@loader_path/Frameworks",
				);
				OTHER_LDFLAGS = (
					"-ObjC",
					"-lc++",
					"$(inherited)",
				);
				PRODUCT_BUNDLE_IDENTIFIER = "org.reactjs.native.example.$(PRODUCT_NAME:rfc1034identifier)";
				PRODUCT_NAME = "$(TARGET_NAME)";
				TEST_HOST = "$(BUILT_PRODUCTS_DIR)/my_coffe_shop.app/my_coffe_shop";
			};
			name = Debug;
		};
		00E356F71AD99517003FC87E /* Release */ = {
			isa = XCBuildConfiguration;
			baseConfigurationReference = 89C6BE57DB24E9ADA2F236DE /* Pods-my_coffe_shop-my_coffe_shopTests.release.xcconfig */;
			buildSettings = {
				BUNDLE_LOADER = "$(TEST_HOST)";
				COPY_PHASE_STRIP = NO;
				INFOPLIST_FILE = my_coffe_shopTests/Info.plist;
				IPHONEOS_DEPLOYMENT_TARGET = 13.4;
				LD_RUNPATH_SEARCH_PATHS = (
					"$(inherited)",
					"@executable_path/Frameworks",
					"@loader_path/Frameworks",
				);
				OTHER_LDFLAGS = (
					"-ObjC",
					"-lc++",
					"$(inherited)",
				);
				PRODUCT_BUNDLE_IDENTIFIER = "org.reactjs.native.example.$(PRODUCT_NAME:rfc1034identifier)";
				PRODUCT_NAME = "$(TARGET_NAME)";
				TEST_HOST = "$(BUILT_PRODUCTS_DIR)/my_coffe_shop.app/my_coffe_shop";
			};
			name = Release;
		};
		13B07F941A680F5B00A75B9A /* Debug */ = {
			isa = XCBuildConfiguration;
			baseConfigurationReference = 3B4392A12AC88292D35C810B /* Pods-my_coffe_shop.debug.xcconfig */;
			buildSettings = {
				ASSETCATALOG_COMPILER_APPICON_NAME = AppIcon;
				CLANG_ENABLE_MODULES = YES;
				CURRENT_PROJECT_VERSION = 1;
				ENABLE_BITCODE = NO;
				INFOPLIST_FILE = my_coffe_shop/Info.plist;
				LD_RUNPATH_SEARCH_PATHS = (
					"$(inherited)",
					"@executable_path/Frameworks",
				);
				MARKETING_VERSION = 1.0;
				OTHER_LDFLAGS = (
					"$(inherited)",
					"-ObjC",
					"-lc++",
				);
				PRODUCT_BUNDLE_IDENTIFIER = "org.reactjs.native.example.$(PRODUCT_NAME:rfc1034identifier)";
				PRODUCT_NAME = my_coffe_shop;
				SWIFT_OPTIMIZATION_LEVEL = "-Onone";
				SWIFT_VERSION = 5.0;
				VERSIONING_SYSTEM = "apple-generic";
			};
			name = Debug;
		};
		13B07F951A680F5B00A75B9A /* Release */ = {
			isa = XCBuildConfiguration;
			baseConfigurationReference = 5709B34CF0A7D63546082F79 /* Pods-my_coffe_shop.release.xcconfig */;
			buildSettings = {
				ASSETCATALOG_COMPILER_APPICON_NAME = AppIcon;
				CLANG_ENABLE_MODULES = YES;
				CURRENT_PROJECT_VERSION = 1;
				INFOPLIST_FILE = my_coffe_shop/Info.plist;
				LD_RUNPATH_SEARCH_PATHS = (
					"$(inherited)",
					"@executable_path/Frameworks",
				);
				MARKETING_VERSION = 1.0;
				OTHER_LDFLAGS = (
					"$(inherited)",
					"-ObjC",
					"-lc++",
				);
				PRODUCT_BUNDLE_IDENTIFIER = "org.reactjs.native.example.$(PRODUCT_NAME:rfc1034identifier)";
				PRODUCT_NAME = my_coffe_shop;
				SWIFT_VERSION = 5.0;
				VERSIONING_SYSTEM = "apple-generic";
			};
			name = Release;
		};
		83CBBA201A601CBA00E9B192 /* Debug */ = {
			isa = XCBuildConfiguration;
			buildSettings = {
				ALWAYS_SEARCH_USER_PATHS = NO;
				CLANG_ANALYZER_LOCALIZABILITY_NONLOCALIZED = YES;
				CLANG_CXX_LANGUAGE_STANDARD = "c++20";
				CLANG_CXX_LIBRARY = "libc++";
				CLANG_ENABLE_MODULES = YES;
				CLANG_ENABLE_OBJC_ARC = YES;
				CLANG_WARN_BLOCK_CAPTURE_AUTORELEASING = YES;
				CLANG_WARN_BOOL_CONVERSION = YES;
				CLANG_WARN_COMMA = YES;
				CLANG_WARN_CONSTANT_CONVERSION = YES;
				CLANG_WARN_DEPRECATED_OBJC_IMPLEMENTATIONS = YES;
				CLANG_WARN_DIRECT_OBJC_ISA_USAGE = YES_ERROR;
				CLANG_WARN_EMPTY_BODY = YES;
				CLANG_WARN_ENUM_CONVERSION = YES;
				CLANG_WARN_INFINITE_RECURSION = YES;
				CLANG_WARN_INT_CONVERSION = YES;
				CLANG_WARN_NON_LITERAL_NULL_CONVERSION = YES;
				CLANG_WARN_OBJC_IMPLICIT_RETAIN_SELF = YES;
				CLANG_WARN_OBJC_LITERAL_CONVERSION = YES;
				CLANG_WARN_OBJC_ROOT_CLASS = YES_ERROR;
				CLANG_WARN_QUOTED_INCLUDE_IN_FRAMEWORK_HEADER = YES;
				CLANG_WARN_RANGE_LOOP_ANALYSIS = YES;
				CLANG_WARN_STRICT_PROTOTYPES = YES;
				CLANG_WARN_SUSPICIOUS_MOVE = YES;
				CLANG_WARN_UNREACHABLE_CODE = YES;
				CLANG_WARN__DUPLICATE_METHOD_MATCH = YES;
				"CODE_SIGN_IDENTITY[sdk=iphoneos*]" = "iPhone Developer";
				COPY_PHASE_STRIP = NO;
				ENABLE_STRICT_OBJC_MSGSEND = YES;
				ENABLE_TESTABILITY = YES;
				"EXCLUDED_ARCHS[sdk=iphonesimulator*]" = "";
				GCC_C_LANGUAGE_STANDARD = gnu99;
				GCC_DYNAMIC_NO_PIC = NO;
				GCC_NO_COMMON_BLOCKS = YES;
				GCC_OPTIMIZATION_LEVEL = 0;
				GCC_PREPROCESSOR_DEFINITIONS = (
					"DEBUG=1",
					"$(inherited)",
				);
				GCC_SYMBOLS_PRIVATE_EXTERN = NO;
				GCC_WARN_64_TO_32_BIT_CONVERSION = YES;
				GCC_WARN_ABOUT_RETURN_TYPE = YES_ERROR;
				GCC_WARN_UNDECLARED_SELECTOR = YES;
				GCC_WARN_UNINITIALIZED_AUTOS = YES_AGGRESSIVE;
				GCC_WARN_UNUSED_FUNCTION = YES;
				GCC_WARN_UNUSED_VARIABLE = YES;
				IPHONEOS_DEPLOYMENT_TARGET = 13.4;
				LD_RUNPATH_SEARCH_PATHS = (
					/usr/lib/swift,
					"$(inherited)",
				);
				LIBRARY_SEARCH_PATHS = (
					"\"$(SDKROOT)/usr/lib/swift\"",
					"\"$(TOOLCHAIN_DIR)/usr/lib/swift/$(PLATFORM_NAME)\"",
					"\"$(inherited)\"",
				);
				MTL_ENABLE_DEBUG_INFO = YES;
				ONLY_ACTIVE_ARCH = YES;
				OTHER_CPLUSPLUSFLAGS = (
					"$(OTHER_CFLAGS)",
					"-DFOLLY_NO_CONFIG",
					"-DFOLLY_MOBILE=1",
					"-DFOLLY_USE_LIBCPP=1",
					"-DFOLLY_CFG_NO_COROUTINES=1",
				);
				SDKROOT = iphoneos;
			};
			name = Debug;
		};
		83CBBA211A601CBA00E9B192 /* Release */ = {
			isa = XCBuildConfiguration;
			buildSettings = {
				ALWAYS_SEARCH_USER_PATHS = NO;
				CLANG_ANALYZER_LOCALIZABILITY_NONLOCALIZED = YES;
				CLANG_CXX_LANGUAGE_STANDARD = "c++20";
				CLANG_CXX_LIBRARY = "libc++";
				CLANG_ENABLE_MODULES = YES;
				CLANG_ENABLE_OBJC_ARC = YES;
				CLANG_WARN_BLOCK_CAPTURE_AUTORELEASING = YES;
				CLANG_WARN_BOOL_CONVERSION = YES;
				CLANG_WARN_COMMA = YES;
				CLANG_WARN_CONSTANT_CONVERSION = YES;
				CLANG_WARN_DEPRECATED_OBJC_IMPLEMENTATIONS = YES;
				CLANG_WARN_DIRECT_OBJC_ISA_USAGE = YES_ERROR;
				CLANG_WARN_EMPTY_BODY = YES;
				CLANG_WARN_ENUM_CONVERSION = YES;
				CLANG_WARN_INFINITE_RECURSION = YES;
				CLANG_WARN_INT_CONVERSION = YES;
				CLANG_WARN_NON_LITERAL_NULL_CONVERSION = YES;
				CLANG_WARN_OBJC_IMPLICIT_RETAIN_SELF = YES;
				CLANG_WARN_OBJC_LITERAL_CONVERSION = YES;
				CLANG_WARN_OBJC_ROOT_CLASS = YES_ERROR;
				CLANG_WARN_QUOTED_INCLUDE_IN_FRAMEWORK_HEADER = YES;
				CLANG_WARN_RANGE_LOOP_ANALYSIS = YES;
				CLANG_WARN_STRICT_PROTOTYPES = YES;
				CLANG_WARN_SUSPICIOUS_MOVE = YES;
				CLANG_WARN_UNREACHABLE_CODE = YES;
				CLANG_WARN__DUPLICATE_METHOD_MATCH = YES;
				"CODE_SIGN_IDENTITY[sdk=iphoneos*]" = "iPhone Developer";
				COPY_PHASE_STRIP = YES;
				ENABLE_NS_ASSERTIONS = NO;
				ENABLE_STRICT_OBJC_MSGSEND = YES;
				"EXCLUDED_ARCHS[sdk=iphonesimulator*]" = "";
				GCC_C_LANGUAGE_STANDARD = gnu99;
				GCC_NO_COMMON_BLOCKS = YES;
				GCC_WARN_64_TO_32_BIT_CONVERSION = YES;
				GCC_WARN_ABOUT_RETURN_TYPE = YES_ERROR;
				GCC_WARN_UNDECLARED_SELECTOR = YES;
				GCC_WARN_UNINITIALIZED_AUTOS = YES_AGGRESSIVE;
				GCC_WARN_UNUSED_FUNCTION = YES;
				GCC_WARN_UNUSED_VARIABLE = YES;
				IPHONEOS_DEPLOYMENT_TARGET = 13.4;
				LD_RUNPATH_SEARCH_PATHS = (
					/usr/lib/swift,
					"$(inherited)",
				);
				LIBRARY_SEARCH_PATHS = (
					"\"$(SDKROOT)/usr/lib/swift\"",
					"\"$(TOOLCHAIN_DIR)/usr/lib/swift/$(PLATFORM_NAME)\"",
					"\"$(inherited)\"",
				);
				MTL_ENABLE_DEBUG_INFO = NO;
				OTHER_CPLUSPLUSFLAGS = (
					"$(OTHER_CFLAGS)",
					"-DFOLLY_NO_CONFIG",
					"-DFOLLY_MOBILE=1",
					"-DFOLLY_USE_LIBCPP=1",
					"-DFOLLY_CFG_NO_COROUTINES=1",
				);
				SDKROOT = iphoneos;
				VALIDATE_PRODUCT = YES;
			};
			name = Release;
		};
/* End XCBuildConfiguration section */

/* Begin XCConfigurationList section */
		00E357021AD99517003FC87E /* Build configuration list for PBXNativeTarget "my_coffe_shopTests" */ = {
			isa = XCConfigurationList;
			buildConfigurations = (
				00E356F61AD99517003FC87E /* Debug */,
				00E356F71AD99517003FC87E /* Release */,
			);
			defaultConfigurationIsVisible = 0;
			defaultConfigurationName = Release;
		};
		13B07F931A680F5B00A75B9A /* Build configuration list for PBXNativeTarget "my_coffe_shop" */ = {
			isa = XCConfigurationList;
			buildConfigurations = (
				13B07F941A680F5B00A75B9A /* Debug */,
				13B07F951A680F5B00A75B9A /* Release */,
			);
			defaultConfigurationIsVisible = 0;
			defaultConfigurationName = Release;
		};
		83CBB9FA1A601CBA00E9B192 /* Build configuration list for PBXProject "my_coffe_shop" */ = {
			isa = XCConfigurationList;
			buildConfigurations = (
				83CBBA201A601CBA00E9B192 /* Debug */,
				83CBBA211A601CBA00E9B192 /* Release */,
			);
			defaultConfigurationIsVisible = 0;
			defaultConfigurationName = Release;
		};
/* End XCConfigurationList section */
	};
	rootObject = 83CBB9F71A601CBA00E9B192 /* Project object */;
}
